<Solution>
  <Folder Name="/src/" />
  <Folder Name="/src/Application/">
    <Project Path="src/Application/Fred.Application.csproj" />
  </Folder>
  <Folder Name="/src/Infrastructure/">
    <Project Path="src/Infrastructure/Fred.Infrastructure.csproj" />
  </Folder>
  <Folder Name="/src/WebUI/">
    <Project Path="src/WebUI/Fred.WebUI.csproj" />
  </Folder>
</Solution>
